
Microsoft Visual Studio Solution File, Format Version 12.00
# Visual Studio Version 16
VisualStudioVersion = 16.0.35425.106
MinimumVisualStudioVersion = 10.0.40219.1
Project("{FAE04EC0-301F-11D3-BF4B-00C04F79EFBC}") = "ConsoleApp1", "ConsoleApp1\ConsoleApp1.csproj", "{0ECE8253-F70D-4EC2-99F3-3F19C7D976F3}"
EndProject
Global
	GlobalSection(SolutionConfigurationPlatforms) = preSolution
		Debug|Any CPU = Debug|Any CPU
		Release|Any CPU = Release|Any CPU
	EndGlobalSection
	GlobalSection(ProjectConfigurationPlatforms) = postSolution
		{0ECE8253-F70D-4EC2-99F3-3F19C7D976F3}.Debug|Any CPU.ActiveCfg = Debug|Any CPU
		{0ECE8253-F70D-4EC2-99F3-3F19C7D976F3}.Debug|Any CPU.Build.0 = Debug|Any CPU
		{0ECE8253-F70D-4EC2-99F3-3F19C7D976F3}.Release|Any CPU.ActiveCfg = Release|Any CPU
		{0ECE8253-F70D-4EC2-99F3-3F19C7D976F3}.Release|Any CPU.Build.0 = Release|Any CPU
	EndGlobalSection
	GlobalSection(SolutionProperties) = preSolution
		HideSolutionNode = FALSE
	EndGlobalSection
	GlobalSection(ExtensibilityGlobals) = postSolution
		SolutionGuid = {73379347-D391-4370-8342-618AE1C974DA}
	EndGlobalSection
EndGlobal
